
Microsoft Visual Studio Solution File, Format Version 12.00
# Visual Studio 14
VisualStudioVersion = 14.0.22823.1
MinimumVisualStudioVersion = 10.0.40219.1
Project("{8BC9CEB8-8B4A-11D0-8D11-00A0C91BC942}") = "common", "..\common\common.vcxproj", "{4F01936C-C628-4004-BD13-3F32545C193B}"
EndProject
Project("{2150E333-8FDC-42A3-9474-1A3956D46DE8}") = "include", "include", "{70AC2EA6-253B-44B4-8936-428281724EBA}"
	ProjectSection(SolutionItems) = preProject
		..\..\src\include\common.h = ..\..\src\include\common.h
	EndProjectSection
EndProject
Project("{8BC9CEB8-8B4A-11D0-8D11-00A0C91BC942}") = "dbproxy_server", "..\dbproxy_server\dbproxy_server.vcxproj", "{00E4A3D1-D5D7-4A1A-9F6D-01CF53CAEC0F}"
EndProject
Project("{8BC9CEB8-8B4A-11D0-8D11-00A0C91BC942}") = "login_server", "..\login_server\httpserver.vcxproj", "{0C13F7FF-CA6D-419B-9C46-B998ECAE4359}"
EndProject
Project("{8BC9CEB8-8B4A-11D0-8D11-00A0C91BC942}") = "httpmessage_server", "..\httpmessage_server\httpmessage_server.vcxproj", "{89C2EC1D-B55D-4526-A336-5C80B1ED1F91}"
EndProject
Project("{8BC9CEB8-8B4A-11D0-8D11-00A0C91BC942}") = "message_server", "..\message_server\message_server.vcxproj", "{CA8A7C0E-7A14-4937-A03A-FF178B0ACAAF}"
EndProject
Project("{8BC9CEB8-8B4A-11D0-8D11-00A0C91BC942}") = "route_server", "..\route_server\route_server.vcxproj", "{22F4AA62-D58E-48E0-978C-4471BADA5253}"
EndProject
Global
	GlobalSection(SolutionConfigurationPlatforms) = preSolution
		Debug|x86 = Debug|x86
		Release|x86 = Release|x86
	EndGlobalSection
	GlobalSection(ProjectConfigurationPlatforms) = postSolution
		{4F01936C-C628-4004-BD13-3F32545C193B}.Debug|x86.ActiveCfg = Debug|Win32
		{4F01936C-C628-4004-BD13-3F32545C193B}.Debug|x86.Build.0 = Debug|Win32
		{4F01936C-C628-4004-BD13-3F32545C193B}.Release|x86.ActiveCfg = Release|Win32
		{4F01936C-C628-4004-BD13-3F32545C193B}.Release|x86.Build.0 = Release|Win32
		{00E4A3D1-D5D7-4A1A-9F6D-01CF53CAEC0F}.Debug|x86.ActiveCfg = Debug|Win32
		{00E4A3D1-D5D7-4A1A-9F6D-01CF53CAEC0F}.Debug|x86.Build.0 = Debug|Win32
		{00E4A3D1-D5D7-4A1A-9F6D-01CF53CAEC0F}.Release|x86.ActiveCfg = Release|Win32
		{00E4A3D1-D5D7-4A1A-9F6D-01CF53CAEC0F}.Release|x86.Build.0 = Release|Win32
		{0C13F7FF-CA6D-419B-9C46-B998ECAE4359}.Debug|x86.ActiveCfg = Debug|Win32
		{0C13F7FF-CA6D-419B-9C46-B998ECAE4359}.Debug|x86.Build.0 = Debug|Win32
		{0C13F7FF-CA6D-419B-9C46-B998ECAE4359}.Release|x86.ActiveCfg = Release|Win32
		{0C13F7FF-CA6D-419B-9C46-B998ECAE4359}.Release|x86.Build.0 = Release|Win32
		{89C2EC1D-B55D-4526-A336-5C80B1ED1F91}.Debug|x86.ActiveCfg = Debug|Win32
		{89C2EC1D-B55D-4526-A336-5C80B1ED1F91}.Debug|x86.Build.0 = Debug|Win32
		{89C2EC1D-B55D-4526-A336-5C80B1ED1F91}.Release|x86.ActiveCfg = Release|Win32
		{89C2EC1D-B55D-4526-A336-5C80B1ED1F91}.Release|x86.Build.0 = Release|Win32
		{CA8A7C0E-7A14-4937-A03A-FF178B0ACAAF}.Debug|x86.ActiveCfg = Debug|Win32
		{CA8A7C0E-7A14-4937-A03A-FF178B0ACAAF}.Debug|x86.Build.0 = Debug|Win32
		{CA8A7C0E-7A14-4937-A03A-FF178B0ACAAF}.Release|x86.ActiveCfg = Release|Win32
		{CA8A7C0E-7A14-4937-A03A-FF178B0ACAAF}.Release|x86.Build.0 = Release|Win32
		{22F4AA62-D58E-48E0-978C-4471BADA5253}.Debug|x86.ActiveCfg = Debug|Win32
		{22F4AA62-D58E-48E0-978C-4471BADA5253}.Debug|x86.Build.0 = Debug|Win32
		{22F4AA62-D58E-48E0-978C-4471BADA5253}.Release|x86.ActiveCfg = Release|Win32
		{22F4AA62-D58E-48E0-978C-4471BADA5253}.Release|x86.Build.0 = Release|Win32
	EndGlobalSection
	GlobalSection(SolutionProperties) = preSolution
		HideSolutionNode = FALSE
	EndGlobalSection
EndGlobal
